
Microsoft Visual Studio Solution File, Format Version 12.00
# Visual Studio Version 17
VisualStudioVersion = 17.3.32901.215
MinimumVisualStudioVersion = 10.0.40219.1
Project("{FAE04EC0-301F-11D3-BF4B-00C04F79EFBC}") = "ConsoleApp1", "ConsoleApp1.csproj", "{AE317208-B157-4A13-9142-FBD56A9B046B}"
EndProject
Global
	GlobalSection(SolutionConfigurationPlatforms) = preSolution
		Debug|Any CPU = Debug|Any CPU
		Release|Any CPU = Release|Any CPU
	EndGlobalSection
	GlobalSection(ProjectConfigurationPlatforms) = postSolution
		{AE317208-B157-4A13-9142-FBD56A9B046B}.Debug|Any CPU.ActiveCfg = Debug|Any CPU
		{AE317208-B157-4A13-9142-FBD56A9B046B}.Debug|Any CPU.Build.0 = Debug|Any CPU
		{AE317208-B157-4A13-9142-FBD56A9B046B}.Release|Any CPU.ActiveCfg = Release|Any CPU
		{AE317208-B157-4A13-9142-FBD56A9B046B}.Release|Any CPU.Build.0 = Release|Any CPU
	EndGlobalSection
	GlobalSection(SolutionProperties) = preSolution
		HideSolutionNode = FALSE
	EndGlobalSection
	GlobalSection(ExtensibilityGlobals) = postSolution
		SolutionGuid = {38F7ECBA-A5AC-43F5-BCA9-14E08CE9091F}
	EndGlobalSection
EndGlobal
